
Microsoft Visual Studio Solution File, Format Version 12.00
# Visual Studio 15
VisualStudioVersion = 15.0.28307.136
MinimumVisualStudioVersion = 10.0.40219.1
Project("{8BC9CEB8-8B4A-11D0-8D11-00A0C91BC942}") = "OOPlab9", "OOPlab9\OOPlab9.vcxproj", "{20BF631A-3EC7-4EE0-9C26-48F09C76B95B}"
EndProject
Global
	GlobalSection(SolutionConfigurationPlatforms) = preSolution
		Debug|x64 = Debug|x64
		Debug|x86 = Debug|x86
		Release|x64 = Release|x64
		Release|x86 = Release|x86
	EndGlobalSection
	GlobalSection(ProjectConfigurationPlatforms) = postSolution
		{20BF631A-3EC7-4EE0-9C26-48F09C76B95B}.Debug|x64.ActiveCfg = Debug|x64
		{20BF631A-3EC7-4EE0-9C26-48F09C76B95B}.Debug|x64.Build.0 = Debug|x64
		{20BF631A-3EC7-4EE0-9C26-48F09C76B95B}.Debug|x86.ActiveCfg = Debug|Win32
		{20BF631A-3EC7-4EE0-9C26-48F09C76B95B}.Debug|x86.Build.0 = Debug|Win32
		{20BF631A-3EC7-4EE0-9C26-48F09C76B95B}.Release|x64.ActiveCfg = Release|x64
		{20BF631A-3EC7-4EE0-9C26-48F09C76B95B}.Release|x64.Build.0 = Release|x64
		{20BF631A-3EC7-4EE0-9C26-48F09C76B95B}.Release|x86.ActiveCfg = Release|Win32
		{20BF631A-3EC7-4EE0-9C26-48F09C76B95B}.Release|x86.Build.0 = Release|Win32
	EndGlobalSection
	GlobalSection(SolutionProperties) = preSolution
		HideSolutionNode = FALSE
	EndGlobalSection
	GlobalSection(ExtensibilityGlobals) = postSolution
		SolutionGuid = {02FC6564-CDC3-4025-B91F-D9181484215E}
	EndGlobalSection
EndGlobal
